
Microsoft Visual Studio Solution File, Format Version 12.00
# Visual Studio Version 17
VisualStudioVersion = 17.7.34031.279
MinimumVisualStudioVersion = 10.0.40219.1
Project("{FAE04EC0-301F-11D3-BF4B-00C04F79EFBC}") = "Facturacion", "Facturacion\Facturacion.csproj", "{9099C1C1-1C99-4877-8D1C-B03F2092C759}"
EndProject
Global
	GlobalSection(SolutionConfigurationPlatforms) = preSolution
		Debug|Any CPU = Debug|Any CPU
		Release|Any CPU = Release|Any CPU
	EndGlobalSection
	GlobalSection(ProjectConfigurationPlatforms) = postSolution
		{9099C1C1-1C99-4877-8D1C-B03F2092C759}.Debug|Any CPU.ActiveCfg = Debug|Any CPU
		{9099C1C1-1C99-4877-8D1C-B03F2092C759}.Debug|Any CPU.Build.0 = Debug|Any CPU
		{9099C1C1-1C99-4877-8D1C-B03F2092C759}.Release|Any CPU.ActiveCfg = Release|Any CPU
		{9099C1C1-1C99-4877-8D1C-B03F2092C759}.Release|Any CPU.Build.0 = Release|Any CPU
	EndGlobalSection
	GlobalSection(SolutionProperties) = preSolution
		HideSolutionNode = FALSE
	EndGlobalSection
	GlobalSection(ExtensibilityGlobals) = postSolution
		SolutionGuid = {156162A8-85B3-4AF1-887A-01954D6DF021}
	EndGlobalSection
EndGlobal
